#include<stdio.h>
#include<conio.h>
#include<stdlib.h>

struct MenuItem {
    int number;
    char name[50];
    float price;
};

struct Order {
    struct MenuItem item;
    int quantity;
};

void printBorder() {
    printf("----------------------------------------\n");
}

void printMenu(struct MenuItem menu[], int itemCount) {
    printf("         Welcome to Radha Inn\n");
    printBorder();
    printf("Number\tItem\t\tPrice (INR)\n");
    printBorder();
    for (int i = 0; i < itemCount; ++i) {
        printf("%d\t%s\t\t%.2f\n", menu[i].number, menu[i].name, menu[i].price);
    }
    printBorder();
    printf("Enter the item number you want to order (0 to exit): ");
}

int main() {
    struct MenuItem menu[] = {
        {1, "Dosa", 50.0},
        {2, "Idli", 40.0},
        {3, "Poha", 30.0},
        {4, "Upma", 45.0},
        {5, "Tea", 20.0},
        {6, "Coffee", 25.0}
    };

    int itemCount = sizeof(menu) / sizeof(menu[0]);
    int choice;
    float totalBill = 0.0;
    struct Order orders[100]; // Maximum of 100 orders
    int orderCount = 0;

    while (1) {
        printMenu(menu, itemCount);
        scanf_s("%d", &choice);

        if (choice == 0) {
            printf("Thank you for using our service!\n");
            break;
        }
        else if (choice < 1 || choice > itemCount) {
            printf("Invalid choice. Please enter a valid item number.\n");
            continue;
        }

        int selectedItemIndex = choice - 1;
        int quantity;
        printf("Enter the quantity: ");
        scanf_s("%d", &quantity);

        totalBill += menu[selectedItemIndex].price * quantity;

        orders[orderCount].item = menu[selectedItemIndex];
        orders[orderCount].quantity = quantity;
        orderCount++;

        printf("Added %d %s to your order.\n", quantity, menu[selectedItemIndex].name);
    }

    printBorder();
    printf("             Bill\n");
    printBorder();
    printf("Item\tQuantity\tPrice (INR)\n");
    printBorder();

    for (int i = 0; i < orderCount; ++i) {
        printf("%s\t%d\t\t%.2f\n", orders[i].item.name, orders[i].quantity,
            orders[i].item.price * orders[i].quantity);
    }

    printBorder();
    printf("Total Bill: %.2f INR\n", totalBill);
    printBorder();

    _getch();
    return 0;

}
